PODS:
  - Flutter (1.0.0)
  - flutter_tokbox_plugin (0.0.5):
    - Flutter
    - OpenTok (= 2.16.3)
    - SnapKit (~> 5.0.0)
  - OpenTok (2.16.3)
  - SnapKit (5.0.1)

DEPENDENCIES:
  - Flutter (from `Flutter`)
  - flutter_tokbox_plugin (from `.symlinks/plugins/flutter_tokbox_plugin/ios`)

SPEC REPOS:
  trunk:
    - OpenTok
    - SnapKit

EXTERNAL SOURCES:
  Flutter:
    :path: Flutter
  flutter_tokbox_plugin:
    :path: ".symlinks/plugins/flutter_tokbox_plugin/ios"

SPEC CHECKSUMS:
  Flutter: 0e3d915762c693b495b44d77113d4970485de6ec
  flutter_tokbox_plugin: 8df33d5a5fb2872d14bbd878589491a4ec6fa207
  OpenTok: e17e1333108837cf0669be5de8f3155d1eb7ac12
  SnapKit: 97b92857e3df3a0c71833cce143274bf6ef8e5eb

PODFILE CHECKSUM: c34e2287a9ccaa606aeceab922830efb9a6ff69a

COCOAPODS: 1.9.1
